// !$*UTF8*$!
{
	archiveVersion = 1;
	classes = {
	};
	objectVersion = 46;
	objects = {

/* Begin PBXBuildFile section */
		71238DE11CD70AC100F9D706 /* UserDefaults.swift in Sources */ = {isa = PBXBuildFile; fileRef = 71238DE01CD70AC100F9D706 /* UserDefaults.swift */; };
		7135B90D1D056E3D0021105F /* SettingsViewController.swift in Sources */ = {isa = PBXBuildFile; fileRef = 7135B90C1D056E3D0021105F /* SettingsViewController.swift */; };
		714CB6B51CCBA00E00723399 /* List+CoreDataProperties.swift in Sources */ = {isa = PBXBuildFile; fileRef = 714CB6B31CCBA00E00723399 /* List+CoreDataProperties.swift */; };
		714CB6B61CCBA00E00723399 /* List.swift in Sources */ = {isa = PBXBuildFile; fileRef = 714CB6B41CCBA00E00723399 /* List.swift */; };
		7165A57C1CBB6A310088EA76 /* AppDelegate.swift in Sources */ = {isa = PBXBuildFile; fileRef = 7165A57B1CBB6A310088EA76 /* AppDelegate.swift */; };
		7165A57E1CBB6A310088EA76 /* AllRemindersViewController.swift in Sources */ = {isa = PBXBuildFile; fileRef = 7165A57D1CBB6A310088EA76 /* AllRemindersViewController.swift */; };
		7165A5811CBB6A310088EA76 /* Main.storyboard in Resources */ = {isa = PBXBuildFile; fileRef = 7165A57F1CBB6A310088EA76 /* Main.storyboard */; };
		7165A5831CBB6A310088EA76 /* Assets.xcassets in Resources */ = {isa = PBXBuildFile; fileRef = 7165A5821CBB6A310088EA76 /* Assets.xcassets */; };
		7165A5861CBB6A310088EA76 /* LaunchScreen.storyboard in Resources */ = {isa = PBXBuildFile; fileRef = 7165A5841CBB6A310088EA76 /* LaunchScreen.storyboard */; };
		7165A5961CBB910B0088EA76 /* ReminderCell.xib in Resources */ = {isa = PBXBuildFile; fileRef = 7165A5951CBB910B0088EA76 /* ReminderCell.xib */; };
		7165A5981CBB92C30088EA76 /* ReminderCell.swift in Sources */ = {isa = PBXBuildFile; fileRef = 7165A5971CBB92C30088EA76 /* ReminderCell.swift */; };
		7165A59A1CBCB4330088EA76 /* AddReminder.swift in Sources */ = {isa = PBXBuildFile; fileRef = 7165A5991CBCB4330088EA76 /* AddReminder.swift */; };
		71878B421CC49A9700AD0F27 /* Reminder+CoreDataProperties.swift in Sources */ = {isa = PBXBuildFile; fileRef = 71878B401CC49A9700AD0F27 /* Reminder+CoreDataProperties.swift */; };
		71878B431CC49A9700AD0F27 /* Reminder.swift in Sources */ = {isa = PBXBuildFile; fileRef = 71878B411CC49A9700AD0F27 /* Reminder.swift */; };
		71A7884E1CE5B57400D5CE47 /* QuickViewViewController.swift in Sources */ = {isa = PBXBuildFile; fileRef = 71A7884D1CE5B57400D5CE47 /* QuickViewViewController.swift */; };
		71A788741CE6093700D5CE47 /* completeButton.swift in Sources */ = {isa = PBXBuildFile; fileRef = 71A788731CE6093600D5CE47 /* completeButton.swift */; };
		71ABD7041CBF893300F0BF90 /* DataModel.xcdatamodeld in Sources */ = {isa = PBXBuildFile; fileRef = 71ABD7021CBF893300F0BF90 /* DataModel.xcdatamodeld */; };
		71ABD70A1CC0A87600F0BF90 /* Date.swift in Sources */ = {isa = PBXBuildFile; fileRef = 71ABD7091CC0A87600F0BF90 /* Date.swift */; };
		71D86C401D067929002A5CAE /* Settings.storyboard in Resources */ = {isa = PBXBuildFile; fileRef = 71D86C3E1D067929002A5CAE /* Settings.storyboard */; };
		71D86C421D067BEB002A5CAE /* SnoozePickerViewController.swift in Sources */ = {isa = PBXBuildFile; fileRef = 71D86C411D067BEB002A5CAE /* SnoozePickerViewController.swift */; };
		71F6A5361CF6C0FD0010C135 /* NotificationHandler.swift in Sources */ = {isa = PBXBuildFile; fileRef = 71F6A5351CF6C0FD0010C135 /* NotificationHandler.swift */; };
		71F6A5381CF6ECDE0010C135 /* CoreDataHandler.swift in Sources */ = {isa = PBXBuildFile; fileRef = 71F6A5371CF6ECDE0010C135 /* CoreDataHandler.swift */; };
/* End PBXBuildFile section */

/* Begin PBXFileReference section */
		71238DE01CD70AC100F9D706 /* UserDefaults.swift */ = {isa = PBXFileReference; fileEncoding = 4; lastKnownFileType = sourcecode.swift; path = UserDefaults.swift; sourceTree = "<group>"; };
		7135B90C1D056E3D0021105F /* SettingsViewController.swift */ = {isa = PBXFileReference; fileEncoding = 4; lastKnownFileType = sourcecode.swift; path = SettingsViewController.swift; sourceTree = "<group>"; };
		714CB6B31CCBA00E00723399 /* List+CoreDataProperties.swift */ = {isa = PBXFileReference; fileEncoding = 4; lastKnownFileType = sourcecode.swift; name = "List+CoreDataProperties.swift"; path = "../List+CoreDataProperties.swift"; sourceTree = "<group>"; };
		714CB6B41CCBA00E00723399 /* List.swift */ = {isa = PBXFileReference; fileEncoding = 4; lastKnownFileType = sourcecode.swift; name = List.swift; path = ../List.swift; sourceTree = "<group>"; };
		7165A5781CBB6A310088EA76 /* remindMe.app */ = {isa = PBXFileReference; explicitFileType = wrapper.application; includeInIndex = 0; path = remindMe.app; sourceTree = BUILT_PRODUCTS_DIR; };
		7165A57B1CBB6A310088EA76 /* AppDelegate.swift */ = {isa = PBXFileReference; lastKnownFileType = sourcecode.swift; lineEnding = 0; path = AppDelegate.swift; sourceTree = "<group>"; xcLanguageSpecificationIdentifier = xcode.lang.swift; };
		7165A57D1CBB6A310088EA76 /* AllRemindersViewController.swift */ = {isa = PBXFileReference; lastKnownFileType = sourcecode.swift; lineEnding = 0; path = AllRemindersViewController.swift; sourceTree = "<group>"; xcLanguageSpecificationIdentifier = xcode.lang.swift; };
		7165A5801CBB6A310088EA76 /* Base */ = {isa = PBXFileReference; lastKnownFileType = file.storyboard; name = Base; path = Base.lproj/Main.storyboard; sourceTree = "<group>"; };
		7165A5821CBB6A310088EA76 /* Assets.xcassets */ = {isa = PBXFileReference; lastKnownFileType = folder.assetcatalog; path = Assets.xcassets; sourceTree = "<group>"; };
		7165A5851CBB6A310088EA76 /* Base */ = {isa = PBXFileReference; lastKnownFileType = file.storyboard; name = Base; path = Base.lproj/LaunchScreen.storyboard; sourceTree = "<group>"; };
		7165A5871CBB6A310088EA76 /* Info.plist */ = {isa = PBXFileReference; lastKnownFileType = text.plist.xml; path = Info.plist; sourceTree = "<group>"; };
		7165A5951CBB910B0088EA76 /* ReminderCell.xib */ = {isa = PBXFileReference; fileEncoding = 4; lastKnownFileType = file.xib; path = ReminderCell.xib; sourceTree = "<group>"; };
		7165A5971CBB92C30088EA76 /* ReminderCell.swift */ = {isa = PBXFileReference; fileEncoding = 4; lastKnownFileType = sourcecode.swift; lineEnding = 0; path = ReminderCell.swift; sourceTree = "<group>"; xcLanguageSpecificationIdentifier = xcode.lang.swift; };
		7165A5991CBCB4330088EA76 /* AddReminder.swift */ = {isa = PBXFileReference; fileEncoding = 4; lastKnownFileType = sourcecode.swift; path = AddReminder.swift; sourceTree = "<group>"; };
		71878B401CC49A9700AD0F27 /* Reminder+CoreDataProperties.swift */ = {isa = PBXFileReference; fileEncoding = 4; lastKnownFileType = sourcecode.swift; path = "Reminder+CoreDataProperties.swift"; sourceTree = "<group>"; };
		71878B411CC49A9700AD0F27 /* Reminder.swift */ = {isa = PBXFileReference; fileEncoding = 4; lastKnownFileType = sourcecode.swift; path = Reminder.swift; sourceTree = "<group>"; };
		71A7884D1CE5B57400D5CE47 /* QuickViewViewController.swift */ = {isa = PBXFileReference; fileEncoding = 4; lastKnownFileType = sourcecode.swift; path = QuickViewViewController.swift; sourceTree = "<group>"; };
		71A788731CE6093600D5CE47 /* completeButton.swift */ = {isa = PBXFileReference; fileEncoding = 4; lastKnownFileType = sourcecode.swift; path = completeButton.swift; sourceTree = "<group>"; };
		71ABD7031CBF893300F0BF90 /* DataModel.xcdatamodel */ = {isa = PBXFileReference; lastKnownFileType = wrapper.xcdatamodel; path = DataModel.xcdatamodel; sourceTree = "<group>"; };
		71ABD7091CC0A87600F0BF90 /* Date.swift */ = {isa = PBXFileReference; fileEncoding = 4; lastKnownFileType = sourcecode.swift; lineEnding = 0; path = Date.swift; sourceTree = "<group>"; xcLanguageSpecificationIdentifier = xcode.lang.swift; };
		71D86C3F1D067929002A5CAE /* Base */ = {isa = PBXFileReference; lastKnownFileType = file.storyboard; name = Base; path = Base.lproj/Settings.storyboard; sourceTree = "<group>"; };
		71D86C411D067BEB002A5CAE /* SnoozePickerViewController.swift */ = {isa = PBXFileReference; fileEncoding = 4; lastKnownFileType = sourcecode.swift; path = SnoozePickerViewController.swift; sourceTree = "<group>"; };
		71F6A5351CF6C0FD0010C135 /* NotificationHandler.swift */ = {isa = PBXFileReference; fileEncoding = 4; lastKnownFileType = sourcecode.swift; path = NotificationHandler.swift; sourceTree = "<group>"; };
		71F6A5371CF6ECDE0010C135 /* CoreDataHandler.swift */ = {isa = PBXFileReference; fileEncoding = 4; lastKnownFileType = sourcecode.swift; path = CoreDataHandler.swift; sourceTree = "<group>"; };
/* End PBXFileReference section */

/* Begin PBXFrameworksBuildPhase section */
		7165A5751CBB6A310088EA76 /* Frameworks */ = {
			isa = PBXFrameworksBuildPhase;
			buildActionMask = 2147483647;
			files = (
			);
			runOnlyForDeploymentPostprocessing = 0;
		};
/* End PBXFrameworksBuildPhase section */

/* Begin PBXGroup section */
		710D67CE1CE38C380007143B /* List */ = {
			isa = PBXGroup;
			children = (
				714CB6B41CCBA00E00723399 /* List.swift */,
				714CB6B31CCBA00E00723399 /* List+CoreDataProperties.swift */,
			);
			name = List;
			sourceTree = "<group>";
		};
		710D67CF1CE38C4E0007143B /* Reminder */ = {
			isa = PBXGroup;
			children = (
				7165A5991CBCB4330088EA76 /* AddReminder.swift */,
				71878B411CC49A9700AD0F27 /* Reminder.swift */,
				71878B401CC49A9700AD0F27 /* Reminder+CoreDataProperties.swift */,
			);
			name = Reminder;
			sourceTree = "<group>";
		};
		710D67D01CE38CC90007143B /* User Defaults */ = {
			isa = PBXGroup;
			children = (
				71238DE01CD70AC100F9D706 /* UserDefaults.swift */,
			);
			name = "User Defaults";
			sourceTree = "<group>";
		};
		71328A8B1CED9C78005A0D13 /* Notifications */ = {
			isa = PBXGroup;
			children = (
				71F6A5351CF6C0FD0010C135 /* NotificationHandler.swift */,
			);
			name = Notifications;
			sourceTree = "<group>";
		};
		7135B90B1D056E030021105F /* Settings */ = {
			isa = PBXGroup;
			children = (
				7135B90C1D056E3D0021105F /* SettingsViewController.swift */,
				71D86C411D067BEB002A5CAE /* SnoozePickerViewController.swift */,
			);
			name = Settings;
			sourceTree = "<group>";
		};
		71386A421CC5EE5F007DF704 /* _StoryBoards */ = {
			isa = PBXGroup;
			children = (
				7165A5841CBB6A310088EA76 /* LaunchScreen.storyboard */,
				7165A57F1CBB6A310088EA76 /* Main.storyboard */,
				71D86C3E1D067929002A5CAE /* Settings.storyboard */,
			);
			name = _StoryBoards;
			sourceTree = "<group>";
		};
		714CB6B71CCBA01C00723399 /* Core Data */ = {
			isa = PBXGroup;
			children = (
				71ABD7021CBF893300F0BF90 /* DataModel.xcdatamodeld */,
				71F6A5371CF6ECDE0010C135 /* CoreDataHandler.swift */,
			);
			name = "Core Data";
			sourceTree = "<group>";
		};
		7165A56F1CBB6A310088EA76 = {
			isa = PBXGroup;
			children = (
				7165A57A1CBB6A310088EA76 /* remindMe */,
				7165A5791CBB6A310088EA76 /* Products */,
			);
			sourceTree = "<group>";
		};
		7165A5791CBB6A310088EA76 /* Products */ = {
			isa = PBXGroup;
			children = (
				7165A5781CBB6A310088EA76 /* remindMe.app */,
			);
			name = Products;
			sourceTree = "<group>";
		};
		7165A57A1CBB6A310088EA76 /* remindMe */ = {
			isa = PBXGroup;
			children = (
				7165A5871CBB6A310088EA76 /* Info.plist */,
				7165A57B1CBB6A310088EA76 /* AppDelegate.swift */,
				7165A5821CBB6A310088EA76 /* Assets.xcassets */,
				71386A421CC5EE5F007DF704 /* _StoryBoards */,
				714CB6B71CCBA01C00723399 /* Core Data */,
				71F6A53A1CF722AF0010C135 /* Date */,
				710D67CE1CE38C380007143B /* List */,
				71328A8B1CED9C78005A0D13 /* Notifications */,
				710D67CF1CE38C4E0007143B /* Reminder */,
				71F6A5391CF71F6B0010C135 /* Reminder Cell */,
				71A7884C1CE5B54300D5CE47 /* Reminder View */,
				7135B90B1D056E030021105F /* Settings */,
				71D86C451D06A07D002A5CAE /* Tabs */,
				710D67D01CE38CC90007143B /* User Defaults */,
			);
			path = remindMe;
			sourceTree = "<group>";
		};
		71A7884C1CE5B54300D5CE47 /* Reminder View */ = {
			isa = PBXGroup;
			children = (
				71A7884D1CE5B57400D5CE47 /* QuickViewViewController.swift */,
				71A788731CE6093600D5CE47 /* completeButton.swift */,
			);
			name = "Reminder View";
			sourceTree = "<group>";
		};
		71D86C451D06A07D002A5CAE /* Tabs */ = {
			isa = PBXGroup;
			children = (
				7165A57D1CBB6A310088EA76 /* AllRemindersViewController.swift */,
			);
			name = Tabs;
			sourceTree = "<group>";
		};
		71F6A5391CF71F6B0010C135 /* Reminder Cell */ = {
			isa = PBXGroup;
			children = (
				7165A5971CBB92C30088EA76 /* ReminderCell.swift */,
				7165A5951CBB910B0088EA76 /* ReminderCell.xib */,
			);
			name = "Reminder Cell";
			sourceTree = "<group>";
		};
		71F6A53A1CF722AF0010C135 /* Date */ = {
			isa = PBXGroup;
			children = (
				71ABD7091CC0A87600F0BF90 /* Date.swift */,
			);
			name = Date;
			sourceTree = "<group>";
		};
/* End PBXGroup section */

/* Begin PBXNativeTarget section */
		7165A5771CBB6A310088EA76 /* remindMe */ = {
			isa = PBXNativeTarget;
			buildConfigurationList = 7165A58A1CBB6A310088EA76 /* Build configuration list for PBXNativeTarget "remindMe" */;
			buildPhases = (
				7165A5741CBB6A310088EA76 /* Sources */,
				7165A5751CBB6A310088EA76 /* Frameworks */,
				7165A5761CBB6A310088EA76 /* Resources */,
			);
			buildRules = (
			);
			dependencies = (
			);
			name = remindMe;
			productName = remindMe;
			productReference = 7165A5781CBB6A310088EA76 /* remindMe.app */;
			productType = "com.apple.product-type.application";
		};
/* End PBXNativeTarget section */

/* Begin PBXProject section */
		7165A5701CBB6A310088EA76 /* Project object */ = {
			isa = PBXProject;
			attributes = {
				LastSwiftUpdateCheck = 0730;
				LastUpgradeCheck = 0730;
				ORGANIZATIONNAME = "Duane Stoltz";
				TargetAttributes = {
					7165A5771CBB6A310088EA76 = {
						CreatedOnToolsVersion = 7.3;
						DevelopmentTeam = EM654WA6BV;
					};
				};
			};
			buildConfigurationList = 7165A5731CBB6A310088EA76 /* Build configuration list for PBXProject "remindMe" */;
			compatibilityVersion = "Xcode 3.2";
			developmentRegion = English;
			hasScannedForEncodings = 0;
			knownRegions = (
				en,
				Base,
			);
			mainGroup = 7165A56F1CBB6A310088EA76;
			productRefGroup = 7165A5791CBB6A310088EA76 /* Products */;
			projectDirPath = "";
			projectRoot = "";
			targets = (
				7165A5771CBB6A310088EA76 /* remindMe */,
			);
		};
/* End PBXProject section */

/* Begin PBXResourcesBuildPhase section */
		7165A5761CBB6A310088EA76 /* Resources */ = {
			isa = PBXResourcesBuildPhase;
			buildActionMask = 2147483647;
			files = (
				7165A5861CBB6A310088EA76 /* LaunchScreen.storyboard in Resources */,
				7165A5831CBB6A310088EA76 /* Assets.xcassets in Resources */,
				7165A5811CBB6A310088EA76 /* Main.storyboard in Resources */,
				7165A5961CBB910B0088EA76 /* ReminderCell.xib in Resources */,
				71D86C401D067929002A5CAE /* Settings.storyboard in Resources */,
			);
			runOnlyForDeploymentPostprocessing = 0;
		};
/* End PBXResourcesBuildPhase section */

/* Begin PBXSourcesBuildPhase section */
		7165A5741CBB6A310088EA76 /* Sources */ = {
			isa = PBXSourcesBuildPhase;
			buildActionMask = 2147483647;
			files = (
				7165A57E1CBB6A310088EA76 /* AllRemindersViewController.swift in Sources */,
				71D86C421D067BEB002A5CAE /* SnoozePickerViewController.swift in Sources */,
				71F6A5381CF6ECDE0010C135 /* CoreDataHandler.swift in Sources */,
				71A7884E1CE5B57400D5CE47 /* QuickViewViewController.swift in Sources */,
				714CB6B51CCBA00E00723399 /* List+CoreDataProperties.swift in Sources */,
				71ABD7041CBF893300F0BF90 /* DataModel.xcdatamodeld in Sources */,
				71ABD70A1CC0A87600F0BF90 /* Date.swift in Sources */,
				7165A57C1CBB6A310088EA76 /* AppDelegate.swift in Sources */,
				7135B90D1D056E3D0021105F /* SettingsViewController.swift in Sources */,
				71F6A5361CF6C0FD0010C135 /* NotificationHandler.swift in Sources */,
				714CB6B61CCBA00E00723399 /* List.swift in Sources */,
				71A788741CE6093700D5CE47 /* completeButton.swift in Sources */,
				7165A5981CBB92C30088EA76 /* ReminderCell.swift in Sources */,
				71238DE11CD70AC100F9D706 /* UserDefaults.swift in Sources */,
				71878B431CC49A9700AD0F27 /* Reminder.swift in Sources */,
				7165A59A1CBCB4330088EA76 /* AddReminder.swift in Sources */,
				71878B421CC49A9700AD0F27 /* Reminder+CoreDataProperties.swift in Sources */,
			);
			runOnlyForDeploymentPostprocessing = 0;
		};
/* End PBXSourcesBuildPhase section */

/* Begin PBXVariantGroup section */
		7165A57F1CBB6A310088EA76 /* Main.storyboard */ = {
			isa = PBXVariantGroup;
			children = (
				7165A5801CBB6A310088EA76 /* Base */,
			);
			name = Main.storyboard;
			sourceTree = "<group>";
		};
		7165A5841CBB6A310088EA76 /* LaunchScreen.storyboard */ = {
			isa = PBXVariantGroup;
			children = (
				7165A5851CBB6A310088EA76 /* Base */,
			);
			name = LaunchScreen.storyboard;
			sourceTree = "<group>";
		};
		71D86C3E1D067929002A5CAE /* Settings.storyboard */ = {
			isa = PBXVariantGroup;
			children = (
				71D86C3F1D067929002A5CAE /* Base */,
			);
			name = Settings.storyboard;
			sourceTree = "<group>";
		};
/* End PBXVariantGroup section */

/* Begin XCBuildConfiguration section */
		7165A5881CBB6A310088EA76 /* Debug */ = {
			isa = XCBuildConfiguration;
			buildSettings = {
				ALWAYS_SEARCH_USER_PATHS = NO;
				CLANG_ANALYZER_NONNULL = YES;
				CLANG_CXX_LANGUAGE_STANDARD = "gnu++0x";
				CLANG_CXX_LIBRARY = "libc++";
				CLANG_ENABLE_MODULES = YES;
				CLANG_ENABLE_OBJC_ARC = YES;
				CLANG_WARN_BOOL_CONVERSION = YES;
				CLANG_WARN_CONSTANT_CONVERSION = YES;
				CLANG_WARN_DIRECT_OBJC_ISA_USAGE = YES_ERROR;
				CLANG_WARN_EMPTY_BODY = YES;
				CLANG_WARN_ENUM_CONVERSION = YES;
				CLANG_WARN_INT_CONVERSION = YES;
				CLANG_WARN_OBJC_ROOT_CLASS = YES_ERROR;
				CLANG_WARN_UNREACHABLE_CODE = YES;
				CLANG_WARN__DUPLICATE_METHOD_MATCH = YES;
				"CODE_SIGN_IDENTITY[sdk=iphoneos*]" = "iPhone Developer";
				COPY_PHASE_STRIP = NO;
				DEBUG_INFORMATION_FORMAT = dwarf;
				ENABLE_STRICT_OBJC_MSGSEND = YES;
				ENABLE_TESTABILITY = YES;
				GCC_C_LANGUAGE_STANDARD = gnu99;
				GCC_DYNAMIC_NO_PIC = NO;
				GCC_NO_COMMON_BLOCKS = YES;
				GCC_OPTIMIZATION_LEVEL = 0;
				GCC_PREPROCESSOR_DEFINITIONS = (
					"DEBUG=1",
					"$(inherited)",
				);
				GCC_WARN_64_TO_32_BIT_CONVERSION = YES;
				GCC_WARN_ABOUT_RETURN_TYPE = YES_ERROR;
				GCC_WARN_UNDECLARED_SELECTOR = YES;
				GCC_WARN_UNINITIALIZED_AUTOS = YES_AGGRESSIVE;
				GCC_WARN_UNUSED_FUNCTION = YES;
				GCC_WARN_UNUSED_VARIABLE = YES;
				IPHONEOS_DEPLOYMENT_TARGET = 9.3;
				MTL_ENABLE_DEBUG_INFO = YES;
				ONLY_ACTIVE_ARCH = YES;
				SDKROOT = iphoneos;
				SWIFT_OPTIMIZATION_LEVEL = "-Onone";
			};
			name = Debug;
		};
		7165A5891CBB6A310088EA76 /* Release */ = {
			isa = XCBuildConfiguration;
			buildSettings = {
				ALWAYS_SEARCH_USER_PATHS = NO;
				CLANG_ANALYZER_NONNULL = YES;
				CLANG_CXX_LANGUAGE_STANDARD = "gnu++0x";
				CLANG_CXX_LIBRARY = "libc++";
				CLANG_ENABLE_MODULES = YES;
				CLANG_ENABLE_OBJC_ARC = YES;
				CLANG_WARN_BOOL_CONVERSION = YES;
				CLANG_WARN_CONSTANT_CONVERSION = YES;
				CLANG_WARN_DIRECT_OBJC_ISA_USAGE = YES_ERROR;
				CLANG_WARN_EMPTY_BODY = YES;
				CLANG_WARN_ENUM_CONVERSION = YES;
				CLANG_WARN_INT_CONVERSION = YES;
				CLANG_WARN_OBJC_ROOT_CLASS = YES_ERROR;
				CLANG_WARN_UNREACHABLE_CODE = YES;
				CLANG_WARN__DUPLICATE_METHOD_MATCH = YES;
				"CODE_SIGN_IDENTITY[sdk=iphoneos*]" = "iPhone Developer";
				COPY_PHASE_STRIP = NO;
				DEBUG_INFORMATION_FORMAT = "dwarf-with-dsym";
				ENABLE_NS_ASSERTIONS = NO;
				ENABLE_STRICT_OBJC_MSGSEND = YES;
				GCC_C_LANGUAGE_STANDARD = gnu99;
				GCC_NO_COMMON_BLOCKS = YES;
				GCC_WARN_64_TO_32_BIT_CONVERSION = YES;
				GCC_WARN_ABOUT_RETURN_TYPE = YES_ERROR;
				GCC_WARN_UNDECLARED_SELECTOR = YES;
				GCC_WARN_UNINITIALIZED_AUTOS = YES_AGGRESSIVE;
				GCC_WARN_UNUSED_FUNCTION = YES;
				GCC_WARN_UNUSED_VARIABLE = YES;
				IPHONEOS_DEPLOYMENT_TARGET = 9.3;
				MTL_ENABLE_DEBUG_INFO = NO;
				SDKROOT = iphoneos;
				VALIDATE_PRODUCT = YES;
			};
			name = Release;
		};
		7165A58B1CBB6A310088EA76 /* Debug */ = {
			isa = XCBuildConfiguration;
			buildSettings = {
				ASSETCATALOG_COMPILER_APPICON_NAME = AppIcon;
				INFOPLIST_FILE = remindMe/Info.plist;
				LD_RUNPATH_SEARCH_PATHS = "$(inherited) @executable_path/Frameworks";
				PRODUCT_BUNDLE_IDENTIFIER = com.stoltz.remindMe;
				PRODUCT_NAME = "$(TARGET_NAME)";
			};
			name = Debug;
		};
		7165A58C1CBB6A310088EA76 /* Release */ = {
			isa = XCBuildConfiguration;
			buildSettings = {
				ASSETCATALOG_COMPILER_APPICON_NAME = AppIcon;
				INFOPLIST_FILE = remindMe/Info.plist;
				LD_RUNPATH_SEARCH_PATHS = "$(inherited) @executable_path/Frameworks";
				PRODUCT_BUNDLE_IDENTIFIER = com.stoltz.remindMe;
				PRODUCT_NAME = "$(TARGET_NAME)";
			};
			name = Release;
		};
/* End XCBuildConfiguration section */

/* Begin XCConfigurationList section */
		7165A5731CBB6A310088EA76 /* Build configuration list for PBXProject "remindMe" */ = {
			isa = XCConfigurationList;
			buildConfigurations = (
				7165A5881CBB6A310088EA76 /* Debug */,
				7165A5891CBB6A310088EA76 /* Release */,
			);
			defaultConfigurationIsVisible = 0;
			defaultConfigurationName = Release;
		};
		7165A58A1CBB6A310088EA76 /* Build configuration list for PBXNativeTarget "remindMe" */ = {
			isa = XCConfigurationList;
			buildConfigurations = (
				7165A58B1CBB6A310088EA76 /* Debug */,
				7165A58C1CBB6A310088EA76 /* Release */,
			);
			defaultConfigurationIsVisible = 0;
			defaultConfigurationName = Release;
		};
/* End XCConfigurationList section */

/* Begin XCVersionGroup section */
		71ABD7021CBF893300F0BF90 /* DataModel.xcdatamodeld */ = {
			isa = XCVersionGroup;
			children = (
				71ABD7031CBF893300F0BF90 /* DataModel.xcdatamodel */,
			);
			currentVersion = 71ABD7031CBF893300F0BF90 /* DataModel.xcdatamodel */;
			path = DataModel.xcdatamodeld;
			sourceTree = "<group>";
			versionGroupType = wrapper.xcdatamodel;
		};
/* End XCVersionGroup section */
	};
	rootObject = 7165A5701CBB6A310088EA76 /* Project object */;
}
